PODS:
  - FlutterMacOS (1.0.0)
  - gvp_stockfish (0.0.3):
    - Flutter
    - FlutterMacOS

DEPENDENCIES:
  - FlutterMacOS (from `Flutter/ephemeral`)
  - gvp_stockfish (from `Flutter/ephemeral/.symlinks/plugins/gvp_stockfish/darwin`)

EXTERNAL SOURCES:
  FlutterMacOS:
    :path: Flutter/ephemeral
  gvp_stockfish:
    :path: Flutter/ephemeral/.symlinks/plugins/gvp_stockfish/darwin

SPEC CHECKSUMS:
  FlutterMacOS: 8f6f14fa908a6fb3fba0cd85dbd81ec4b251fb24
  gvp_stockfish: 768f679381b57c24df56110537fe80286cc73058

PODFILE CHECKSUM: 236401fc2c932af29a9fcf0e97baeeb2d750d367

COCOAPODS: 1.16.2
